
Microsoft Visual Studio Solution File, Format Version 12.00
# Visual Studio Version 17
VisualStudioVersion = 17.10.34928.147
MinimumVisualStudioVersion = 10.0.40219.1
Project("{FAE04EC0-301F-11D3-BF4B-00C04F79EFBC}") = "Window_browser", "Window_browser\Window_browser.csproj", "{1C8C6A45-D63B-4EC7-B2A3-C158E1356AC3}"
EndProject
Global
	GlobalSection(SolutionConfigurationPlatforms) = preSolution
		Debug|Any CPU = Debug|Any CPU
		Release|Any CPU = Release|Any CPU
	EndGlobalSection
	GlobalSection(ProjectConfigurationPlatforms) = postSolution
		{1C8C6A45-D63B-4EC7-B2A3-C158E1356AC3}.Debug|Any CPU.ActiveCfg = Debug|Any CPU
		{1C8C6A45-D63B-4EC7-B2A3-C158E1356AC3}.Debug|Any CPU.Build.0 = Debug|Any CPU
		{1C8C6A45-D63B-4EC7-B2A3-C158E1356AC3}.Release|Any CPU.ActiveCfg = Release|Any CPU
		{1C8C6A45-D63B-4EC7-B2A3-C158E1356AC3}.Release|Any CPU.Build.0 = Release|Any CPU
	EndGlobalSection
	GlobalSection(SolutionProperties) = preSolution
		HideSolutionNode = FALSE
	EndGlobalSection
	GlobalSection(ExtensibilityGlobals) = postSolution
		SolutionGuid = {251B2DC9-7A04-4E35-84E1-3A60FF0D0379}
	EndGlobalSection
EndGlobal
